
Microsoft Visual Studio Solution File, Format Version 12.00
# Visual Studio Version 16
VisualStudioVersion = 16.0.31424.327
MinimumVisualStudioVersion = 10.0.40219.1
Project("{FAE04EC0-301F-11D3-BF4B-00C04F79EFBC}") = "ecommerce-masonry", "ecommerce-masonry\ecommerce-masonry.csproj", "{51AEF8A7-6543-4A96-9DA2-C2BCF348B728}"
EndProject
Global
	GlobalSection(SolutionConfigurationPlatforms) = preSolution
		Debug|Any CPU = Debug|Any CPU
		Release|Any CPU = Release|Any CPU
	EndGlobalSection
	GlobalSection(ProjectConfigurationPlatforms) = postSolution
		{51AEF8A7-6543-4A96-9DA2-C2BCF348B728}.Debug|Any CPU.ActiveCfg = Debug|Any CPU
		{51AEF8A7-6543-4A96-9DA2-C2BCF348B728}.Debug|Any CPU.Build.0 = Debug|Any CPU
		{51AEF8A7-6543-4A96-9DA2-C2BCF348B728}.Release|Any CPU.ActiveCfg = Release|Any CPU
		{51AEF8A7-6543-4A96-9DA2-C2BCF348B728}.Release|Any CPU.Build.0 = Release|Any CPU
	EndGlobalSection
	GlobalSection(SolutionProperties) = preSolution
		HideSolutionNode = FALSE
	EndGlobalSection
	GlobalSection(ExtensibilityGlobals) = postSolution
		SolutionGuid = {89898195-FD0D-4514-843B-701CD617AFB2}
	EndGlobalSection
EndGlobal
